
Microsoft Visual Studio Solution File, Format Version 12.00
# Visual Studio Version 16
VisualStudioVersion = 16.0.32228.343
MinimumVisualStudioVersion = 10.0.40219.1
Project("{FAE04EC0-301F-11D3-BF4B-00C04F79EFBC}") = "WIZ.AP", "WIZ.AP\WIZ.AP.csproj", "{B3021868-6243-4522-9898-DE7D10CB231B}"
EndProject
Project("{FAE04EC0-301F-11D3-BF4B-00C04F79EFBC}") = "WIZ.BM", "WIZ.BM\WIZ.BM.csproj", "{BF18D048-B718-4498-87BE-B3C5949DA1A3}"
EndProject
Project("{FAE04EC0-301F-11D3-BF4B-00C04F79EFBC}") = "WIZ.CM", "WIZ.CM\WIZ.CM.csproj", "{E6EB4B3D-D7DF-42C1-ADE1-5B008FDF502F}"
EndProject
Project("{FAE04EC0-301F-11D3-BF4B-00C04F79EFBC}") = "WIZ.MD", "WIZ.MD\WIZ.MD.csproj", "{7288E708-2A00-42E0-9AB2-E1FC7009AA2D}"
EndProject
Project("{FAE04EC0-301F-11D3-BF4B-00C04F79EFBC}") = "WIZ.MM", "WIZ.MM\WIZ.MM.csproj", "{3CC45F70-BF90-4E90-AB9F-52BE6A76B39C}"
EndProject
Project("{FAE04EC0-301F-11D3-BF4B-00C04F79EFBC}") = "WIZ.MT", "WIZ.MT\WIZ.MT.csproj", "{75FF1E22-1AD8-448C-8CCB-3064CD9138B8}"
EndProject
Project("{FAE04EC0-301F-11D3-BF4B-00C04F79EFBC}") = "WIZ.PM", "WIZ.PM\WIZ.PM.csproj", "{B566791A-7F47-49E7-86DE-477D6AE917B9}"
EndProject
Project("{FAE04EC0-301F-11D3-BF4B-00C04F79EFBC}") = "WIZ.PP", "WIZ.PP\WIZ.PP.csproj", "{413F3FAE-6E85-4BF8-A661-19C73E64433A}"
EndProject
Project("{FAE04EC0-301F-11D3-BF4B-00C04F79EFBC}") = "WIZ.QM", "WIZ.QM\WIZ.QM.csproj", "{4EB34ECA-8FB7-47A1-9413-DD3269EC4687}"
EndProject
Project("{FAE04EC0-301F-11D3-BF4B-00C04F79EFBC}") = "WIZ.REPORT", "WIZ.REPORT\WIZ.REPORT.csproj", "{9C57806B-3F5C-4518-AC11-A9B24ABDDDA6}"
EndProject
Project("{FAE04EC0-301F-11D3-BF4B-00C04F79EFBC}") = "WIZ.WM", "WIZ.WM\WIZ.WM.csproj", "{3D00498C-F42B-456C-BABF-6EB6EFFD1FA8}"
EndProject
Project("{FAE04EC0-301F-11D3-BF4B-00C04F79EFBC}") = "WIZ.PopUp", "WIZ.PopUp\WIZ.PopUp.csproj", "{C8D579CE-FBB1-4DA8-A1BD-848168B8CCB1}"
EndProject
Project("{FAE04EC0-301F-11D3-BF4B-00C04F79EFBC}") = "NEXMES", "NEXMES\NEXMES.csproj", "{3EB2A7E8-DE91-4290-8080-B292B0A0F8B9}"
EndProject
Project("{FAE04EC0-301F-11D3-BF4B-00C04F79EFBC}") = "PopManager", "..\Module\MES\PopManager\PopManager.csproj", "{FD5753C6-1531-442F-8CE5-E317811ED41D}"
EndProject
Project("{FAE04EC0-301F-11D3-BF4B-00C04F79EFBC}") = "WIZ", "..\Module\MES\WIZ\WIZ.csproj", "{3887ACF7-CBBB-4D70-BB62-1A45D6679C2C}"
EndProject
Project("{FAE04EC0-301F-11D3-BF4B-00C04F79EFBC}") = "WIZ.Control", "..\Module\MES\WIZ.Control\WIZ.Control.csproj", "{865BF19B-00B8-45E8-B4E7-0CC5F58F8A98}"
EndProject
Project("{FAE04EC0-301F-11D3-BF4B-00C04F79EFBC}") = "WIZ.Forms", "..\Module\MES\WIZ.Forms\WIZ.Forms.csproj", "{4C2DAD9F-DCAB-4B8F-A803-F5E43F8849E7}"
EndProject
Project("{FAE04EC0-301F-11D3-BF4B-00C04F79EFBC}") = "WIZ.MAIN", "..\Module\MES\WIZ.MAIN\WIZ.MAIN.csproj", "{857469DE-5D2A-45B7-8875-38C5912D16C8}"
EndProject
Project("{FAE04EC0-301F-11D3-BF4B-00C04F79EFBC}") = "WIZ.SY", "..\Module\MES\WIZ.SY\WIZ.SY.csproj", "{6FEFAFF7-664F-4B53-B787-22B3BD31AD97}"
EndProject
Project("{FAE04EC0-301F-11D3-BF4B-00C04F79EFBC}") = "WIZ.OD", "WIZ.OD\WIZ.OD.csproj", "{8986825C-4826-48F2-B72E-234732A1344D}"
EndProject
Project("{FAE04EC0-301F-11D3-BF4B-00C04F79EFBC}") = "WIZ.PL", "WIZ.PL\WIZ.PL.csproj", "{EC0C8C0C-119B-4AA4-845A-9C4E3C5D667C}"
EndProject
Project("{FAE04EC0-301F-11D3-BF4B-00C04F79EFBC}") = "WIZ.ETC", "WIZ.ETC\WIZ.ETC.csproj", "{407BB92A-9F1F-48EA-BDBD-3FE3730CE2A0}"
EndProject
Global
	GlobalSection(SolutionConfigurationPlatforms) = preSolution
		Debug|Any CPU = Debug|Any CPU
		Debug|Mixed Platforms = Debug|Mixed Platforms
		Debug|x86 = Debug|x86
		Release|Any CPU = Release|Any CPU
		Release|Mixed Platforms = Release|Mixed Platforms
		Release|x86 = Release|x86
	EndGlobalSection
	GlobalSection(ProjectConfigurationPlatforms) = postSolution
		{B3021868-6243-4522-9898-DE7D10CB231B}.Debug|Any CPU.ActiveCfg = Debug|Any CPU
		{B3021868-6243-4522-9898-DE7D10CB231B}.Debug|Any CPU.Build.0 = Debug|Any CPU
		{B3021868-6243-4522-9898-DE7D10CB231B}.Debug|Mixed Platforms.ActiveCfg = Debug|Any CPU
		{B3021868-6243-4522-9898-DE7D10CB231B}.Debug|Mixed Platforms.Build.0 = Debug|Any CPU
		{B3021868-6243-4522-9898-DE7D10CB231B}.Debug|x86.ActiveCfg = Debug|Any CPU
		{B3021868-6243-4522-9898-DE7D10CB231B}.Debug|x86.Build.0 = Debug|Any CPU
		{B3021868-6243-4522-9898-DE7D10CB231B}.Release|Any CPU.ActiveCfg = Release|Any CPU
		{B3021868-6243-4522-9898-DE7D10CB231B}.Release|Any CPU.Build.0 = Release|Any CPU
		{B3021868-6243-4522-9898-DE7D10CB231B}.Release|Mixed Platforms.ActiveCfg = Release|Any CPU
		{B3021868-6243-4522-9898-DE7D10CB231B}.Release|Mixed Platforms.Build.0 = Release|Any CPU
		{B3021868-6243-4522-9898-DE7D10CB231B}.Release|x86.ActiveCfg = Release|Any CPU
		{B3021868-6243-4522-9898-DE7D10CB231B}.Release|x86.Build.0 = Release|Any CPU
		{BF18D048-B718-4498-87BE-B3C5949DA1A3}.Debug|Any CPU.ActiveCfg = Debug|Any CPU
		{BF18D048-B718-4498-87BE-B3C5949DA1A3}.Debug|Any CPU.Build.0 = Debug|Any CPU
		{BF18D048-B718-4498-87BE-B3C5949DA1A3}.Debug|Mixed Platforms.ActiveCfg = Debug|Any CPU
		{BF18D048-B718-4498-87BE-B3C5949DA1A3}.Debug|Mixed Platforms.Build.0 = Debug|Any CPU
		{BF18D048-B718-4498-87BE-B3C5949DA1A3}.Debug|x86.ActiveCfg = Debug|Any CPU
		{BF18D048-B718-4498-87BE-B3C5949DA1A3}.Debug|x86.Build.0 = Debug|Any CPU
		{BF18D048-B718-4498-87BE-B3C5949DA1A3}.Release|Any CPU.ActiveCfg = Release|Any CPU
		{BF18D048-B718-4498-87BE-B3C5949DA1A3}.Release|Any CPU.Build.0 = Release|Any CPU
		{BF18D048-B718-4498-87BE-B3C5949DA1A3}.Release|Mixed Platforms.ActiveCfg = Release|Any CPU
		{BF18D048-B718-4498-87BE-B3C5949DA1A3}.Release|Mixed Platforms.Build.0 = Release|Any CPU
		{BF18D048-B718-4498-87BE-B3C5949DA1A3}.Release|x86.ActiveCfg = Release|Any CPU
		{BF18D048-B718-4498-87BE-B3C5949DA1A3}.Release|x86.Build.0 = Release|Any CPU
		{E6EB4B3D-D7DF-42C1-ADE1-5B008FDF502F}.Debug|Any CPU.ActiveCfg = Debug|Any CPU
		{E6EB4B3D-D7DF-42C1-ADE1-5B008FDF502F}.Debug|Any CPU.Build.0 = Debug|Any CPU
		{E6EB4B3D-D7DF-42C1-ADE1-5B008FDF502F}.Debug|Mixed Platforms.ActiveCfg = Debug|Any CPU
		{E6EB4B3D-D7DF-42C1-ADE1-5B008FDF502F}.Debug|Mixed Platforms.Build.0 = Debug|Any CPU
		{E6EB4B3D-D7DF-42C1-ADE1-5B008FDF502F}.Debug|x86.ActiveCfg = Debug|Any CPU
		{E6EB4B3D-D7DF-42C1-ADE1-5B008FDF502F}.Debug|x86.Build.0 = Debug|Any CPU
		{E6EB4B3D-D7DF-42C1-ADE1-5B008FDF502F}.Release|Any CPU.ActiveCfg = Release|Any CPU
		{E6EB4B3D-D7DF-42C1-ADE1-5B008FDF502F}.Release|Any CPU.Build.0 = Release|Any CPU
		{E6EB4B3D-D7DF-42C1-ADE1-5B008FDF502F}.Release|Mixed Platforms.ActiveCfg = Release|Any CPU
		{E6EB4B3D-D7DF-42C1-ADE1-5B008FDF502F}.Release|Mixed Platforms.Build.0 = Release|Any CPU
		{E6EB4B3D-D7DF-42C1-ADE1-5B008FDF502F}.Release|x86.ActiveCfg = Release|Any CPU
		{E6EB4B3D-D7DF-42C1-ADE1-5B008FDF502F}.Release|x86.Build.0 = Release|Any CPU
		{7288E708-2A00-42E0-9AB2-E1FC7009AA2D}.Debug|Any CPU.ActiveCfg = Debug|x86
		{7288E708-2A00-42E0-9AB2-E1FC7009AA2D}.Debug|Any CPU.Build.0 = Debug|x86
		{7288E708-2A00-42E0-9AB2-E1FC7009AA2D}.Debug|Mixed Platforms.ActiveCfg = Debug|x86
		{7288E708-2A00-42E0-9AB2-E1FC7009AA2D}.Debug|Mixed Platforms.Build.0 = Debug|x86
		{7288E708-2A00-42E0-9AB2-E1FC7009AA2D}.Debug|x86.ActiveCfg = Debug|x86
		{7288E708-2A00-42E0-9AB2-E1FC7009AA2D}.Debug|x86.Build.0 = Debug|x86
		{7288E708-2A00-42E0-9AB2-E1FC7009AA2D}.Release|Any CPU.ActiveCfg = Release|x86
		{7288E708-2A00-42E0-9AB2-E1FC7009AA2D}.Release|Mixed Platforms.ActiveCfg = Release|x86
		{7288E708-2A00-42E0-9AB2-E1FC7009AA2D}.Release|Mixed Platforms.Build.0 = Release|x86
		{7288E708-2A00-42E0-9AB2-E1FC7009AA2D}.Release|x86.ActiveCfg = Release|x86
		{7288E708-2A00-42E0-9AB2-E1FC7009AA2D}.Release|x86.Build.0 = Release|x86
		{3CC45F70-BF90-4E90-AB9F-52BE6A76B39C}.Debug|Any CPU.ActiveCfg = Debug|Any CPU
		{3CC45F70-BF90-4E90-AB9F-52BE6A76B39C}.Debug|Any CPU.Build.0 = Debug|Any CPU
		{3CC45F70-BF90-4E90-AB9F-52BE6A76B39C}.Debug|Mixed Platforms.ActiveCfg = Debug|Any CPU
		{3CC45F70-BF90-4E90-AB9F-52BE6A76B39C}.Debug|Mixed Platforms.Build.0 = Debug|Any CPU
		{3CC45F70-BF90-4E90-AB9F-52BE6A76B39C}.Debug|x86.ActiveCfg = Debug|Any CPU
		{3CC45F70-BF90-4E90-AB9F-52BE6A76B39C}.Debug|x86.Build.0 = Debug|Any CPU
		{3CC45F70-BF90-4E90-AB9F-52BE6A76B39C}.Release|Any CPU.ActiveCfg = Release|Any CPU
		{3CC45F70-BF90-4E90-AB9F-52BE6A76B39C}.Release|Any CPU.Build.0 = Release|Any CPU
		{3CC45F70-BF90-4E90-AB9F-52BE6A76B39C}.Release|Mixed Platforms.ActiveCfg = Release|Any CPU
		{3CC45F70-BF90-4E90-AB9F-52BE6A76B39C}.Release|Mixed Platforms.Build.0 = Release|Any CPU
		{3CC45F70-BF90-4E90-AB9F-52BE6A76B39C}.Release|x86.ActiveCfg = Release|Any CPU
		{3CC45F70-BF90-4E90-AB9F-52BE6A76B39C}.Release|x86.Build.0 = Release|Any CPU
		{75FF1E22-1AD8-448C-8CCB-3064CD9138B8}.Debug|Any CPU.ActiveCfg = Debug|x86
		{75FF1E22-1AD8-448C-8CCB-3064CD9138B8}.Debug|Any CPU.Build.0 = Debug|x86
		{75FF1E22-1AD8-448C-8CCB-3064CD9138B8}.Debug|Mixed Platforms.ActiveCfg = Debug|x86
		{75FF1E22-1AD8-448C-8CCB-3064CD9138B8}.Debug|Mixed Platforms.Build.0 = Debug|x86
		{75FF1E22-1AD8-448C-8CCB-3064CD9138B8}.Debug|x86.ActiveCfg = Debug|x86
		{75FF1E22-1AD8-448C-8CCB-3064CD9138B8}.Debug|x86.Build.0 = Debug|x86
		{75FF1E22-1AD8-448C-8CCB-3064CD9138B8}.Release|Any CPU.ActiveCfg = Release|x86
		{75FF1E22-1AD8-448C-8CCB-3064CD9138B8}.Release|Mixed Platforms.ActiveCfg = Release|x86
		{75FF1E22-1AD8-448C-8CCB-3064CD9138B8}.Release|Mixed Platforms.Build.0 = Release|x86
		{75FF1E22-1AD8-448C-8CCB-3064CD9138B8}.Release|x86.ActiveCfg = Release|x86
		{75FF1E22-1AD8-448C-8CCB-3064CD9138B8}.Release|x86.Build.0 = Release|x86
		{B566791A-7F47-49E7-86DE-477D6AE917B9}.Debug|Any CPU.ActiveCfg = Debug|Any CPU
		{B566791A-7F47-49E7-86DE-477D6AE917B9}.Debug|Any CPU.Build.0 = Debug|Any CPU
		{B566791A-7F47-49E7-86DE-477D6AE917B9}.Debug|Mixed Platforms.ActiveCfg = Debug|Any CPU
		{B566791A-7F47-49E7-86DE-477D6AE917B9}.Debug|Mixed Platforms.Build.0 = Debug|Any CPU
		{B566791A-7F47-49E7-86DE-477D6AE917B9}.Debug|x86.ActiveCfg = Debug|Any CPU
		{B566791A-7F47-49E7-86DE-477D6AE917B9}.Debug|x86.Build.0 = Debug|Any CPU
		{B566791A-7F47-49E7-86DE-477D6AE917B9}.Release|Any CPU.ActiveCfg = Release|Any CPU
		{B566791A-7F47-49E7-86DE-477D6AE917B9}.Release|Any CPU.Build.0 = Release|Any CPU
		{B566791A-7F47-49E7-86DE-477D6AE917B9}.Release|Mixed Platforms.ActiveCfg = Release|Any CPU
		{B566791A-7F47-49E7-86DE-477D6AE917B9}.Release|Mixed Platforms.Build.0 = Release|Any CPU
		{B566791A-7F47-49E7-86DE-477D6AE917B9}.Release|x86.ActiveCfg = Release|Any CPU
		{B566791A-7F47-49E7-86DE-477D6AE917B9}.Release|x86.Build.0 = Release|Any CPU
		{413F3FAE-6E85-4BF8-A661-19C73E64433A}.Debug|Any CPU.ActiveCfg = Debug|Any CPU
		{413F3FAE-6E85-4BF8-A661-19C73E64433A}.Debug|Any CPU.Build.0 = Debug|Any CPU
		{413F3FAE-6E85-4BF8-A661-19C73E64433A}.Debug|Mixed Platforms.ActiveCfg = Debug|Any CPU
		{413F3FAE-6E85-4BF8-A661-19C73E64433A}.Debug|Mixed Platforms.Build.0 = Debug|Any CPU
		{413F3FAE-6E85-4BF8-A661-19C73E64433A}.Debug|x86.ActiveCfg = Debug|Any CPU
		{413F3FAE-6E85-4BF8-A661-19C73E64433A}.Debug|x86.Build.0 = Debug|Any CPU
		{413F3FAE-6E85-4BF8-A661-19C73E64433A}.Release|Any CPU.ActiveCfg = Release|Any CPU
		{413F3FAE-6E85-4BF8-A661-19C73E64433A}.Release|Any CPU.Build.0 = Release|Any CPU
		{413F3FAE-6E85-4BF8-A661-19C73E64433A}.Release|Mixed Platforms.ActiveCfg = Release|Any CPU
		{413F3FAE-6E85-4BF8-A661-19C73E64433A}.Release|Mixed Platforms.Build.0 = Release|Any CPU
		{413F3FAE-6E85-4BF8-A661-19C73E64433A}.Release|x86.ActiveCfg = Release|Any CPU
		{413F3FAE-6E85-4BF8-A661-19C73E64433A}.Release|x86.Build.0 = Release|Any CPU
		{4EB34ECA-8FB7-47A1-9413-DD3269EC4687}.Debug|Any CPU.ActiveCfg = Debug|Any CPU
		{4EB34ECA-8FB7-47A1-9413-DD3269EC4687}.Debug|Any CPU.Build.0 = Debug|Any CPU
		{4EB34ECA-8FB7-47A1-9413-DD3269EC4687}.Debug|Mixed Platforms.ActiveCfg = Debug|Any CPU
		{4EB34ECA-8FB7-47A1-9413-DD3269EC4687}.Debug|Mixed Platforms.Build.0 = Debug|Any CPU
		{4EB34ECA-8FB7-47A1-9413-DD3269EC4687}.Debug|x86.ActiveCfg = Debug|Any CPU
		{4EB34ECA-8FB7-47A1-9413-DD3269EC4687}.Debug|x86.Build.0 = Debug|Any CPU
		{4EB34ECA-8FB7-47A1-9413-DD3269EC4687}.Release|Any CPU.ActiveCfg = Release|Any CPU
		{4EB34ECA-8FB7-47A1-9413-DD3269EC4687}.Release|Any CPU.Build.0 = Release|Any CPU
		{4EB34ECA-8FB7-47A1-9413-DD3269EC4687}.Release|Mixed Platforms.ActiveCfg = Release|Any CPU
		{4EB34ECA-8FB7-47A1-9413-DD3269EC4687}.Release|Mixed Platforms.Build.0 = Release|Any CPU
		{4EB34ECA-8FB7-47A1-9413-DD3269EC4687}.Release|x86.ActiveCfg = Release|Any CPU
		{4EB34ECA-8FB7-47A1-9413-DD3269EC4687}.Release|x86.Build.0 = Release|Any CPU
		{9C57806B-3F5C-4518-AC11-A9B24ABDDDA6}.Debug|Any CPU.ActiveCfg = Debug|Any CPU
		{9C57806B-3F5C-4518-AC11-A9B24ABDDDA6}.Debug|Any CPU.Build.0 = Debug|Any CPU
		{9C57806B-3F5C-4518-AC11-A9B24ABDDDA6}.Debug|Mixed Platforms.ActiveCfg = Debug|Any CPU
		{9C57806B-3F5C-4518-AC11-A9B24ABDDDA6}.Debug|Mixed Platforms.Build.0 = Debug|Any CPU
		{9C57806B-3F5C-4518-AC11-A9B24ABDDDA6}.Debug|x86.ActiveCfg = Debug|Any CPU
		{9C57806B-3F5C-4518-AC11-A9B24ABDDDA6}.Debug|x86.Build.0 = Debug|Any CPU
		{9C57806B-3F5C-4518-AC11-A9B24ABDDDA6}.Release|Any CPU.ActiveCfg = Release|Any CPU
		{9C57806B-3F5C-4518-AC11-A9B24ABDDDA6}.Release|Any CPU.Build.0 = Release|Any CPU
		{9C57806B-3F5C-4518-AC11-A9B24ABDDDA6}.Release|Mixed Platforms.ActiveCfg = Release|Any CPU
		{9C57806B-3F5C-4518-AC11-A9B24ABDDDA6}.Release|Mixed Platforms.Build.0 = Release|Any CPU
		{9C57806B-3F5C-4518-AC11-A9B24ABDDDA6}.Release|x86.ActiveCfg = Release|Any CPU
		{9C57806B-3F5C-4518-AC11-A9B24ABDDDA6}.Release|x86.Build.0 = Release|Any CPU
		{3D00498C-F42B-456C-BABF-6EB6EFFD1FA8}.Debug|Any CPU.ActiveCfg = Debug|Any CPU
		{3D00498C-F42B-456C-BABF-6EB6EFFD1FA8}.Debug|Any CPU.Build.0 = Debug|Any CPU
		{3D00498C-F42B-456C-BABF-6EB6EFFD1FA8}.Debug|Mixed Platforms.ActiveCfg = Debug|Any CPU
		{3D00498C-F42B-456C-BABF-6EB6EFFD1FA8}.Debug|Mixed Platforms.Build.0 = Debug|Any CPU
		{3D00498C-F42B-456C-BABF-6EB6EFFD1FA8}.Debug|x86.ActiveCfg = Debug|Any CPU
		{3D00498C-F42B-456C-BABF-6EB6EFFD1FA8}.Debug|x86.Build.0 = Debug|Any CPU
		{3D00498C-F42B-456C-BABF-6EB6EFFD1FA8}.Release|Any CPU.ActiveCfg = Release|Any CPU
		{3D00498C-F42B-456C-BABF-6EB6EFFD1FA8}.Release|Any CPU.Build.0 = Release|Any CPU
		{3D00498C-F42B-456C-BABF-6EB6EFFD1FA8}.Release|Mixed Platforms.ActiveCfg = Release|Any CPU
		{3D00498C-F42B-456C-BABF-6EB6EFFD1FA8}.Release|Mixed Platforms.Build.0 = Release|Any CPU
		{3D00498C-F42B-456C-BABF-6EB6EFFD1FA8}.Release|x86.ActiveCfg = Release|Any CPU
		{3D00498C-F42B-456C-BABF-6EB6EFFD1FA8}.Release|x86.Build.0 = Release|Any CPU
		{C8D579CE-FBB1-4DA8-A1BD-848168B8CCB1}.Debug|Any CPU.ActiveCfg = Debug|Any CPU
		{C8D579CE-FBB1-4DA8-A1BD-848168B8CCB1}.Debug|Any CPU.Build.0 = Debug|Any CPU
		{C8D579CE-FBB1-4DA8-A1BD-848168B8CCB1}.Debug|Mixed Platforms.ActiveCfg = Debug|Any CPU
		{C8D579CE-FBB1-4DA8-A1BD-848168B8CCB1}.Debug|Mixed Platforms.Build.0 = Debug|Any CPU
		{C8D579CE-FBB1-4DA8-A1BD-848168B8CCB1}.Debug|x86.ActiveCfg = Debug|Any CPU
		{C8D579CE-FBB1-4DA8-A1BD-848168B8CCB1}.Debug|x86.Build.0 = Debug|Any CPU
		{C8D579CE-FBB1-4DA8-A1BD-848168B8CCB1}.Release|Any CPU.ActiveCfg = Release|Any CPU
		{C8D579CE-FBB1-4DA8-A1BD-848168B8CCB1}.Release|Any CPU.Build.0 = Release|Any CPU
		{C8D579CE-FBB1-4DA8-A1BD-848168B8CCB1}.Release|Mixed Platforms.ActiveCfg = Release|Any CPU
		{C8D579CE-FBB1-4DA8-A1BD-848168B8CCB1}.Release|Mixed Platforms.Build.0 = Release|Any CPU
		{C8D579CE-FBB1-4DA8-A1BD-848168B8CCB1}.Release|x86.ActiveCfg = Release|Any CPU
		{C8D579CE-FBB1-4DA8-A1BD-848168B8CCB1}.Release|x86.Build.0 = Release|Any CPU
		{3EB2A7E8-DE91-4290-8080-B292B0A0F8B9}.Debug|Any CPU.ActiveCfg = Debug|x86
		{3EB2A7E8-DE91-4290-8080-B292B0A0F8B9}.Debug|Any CPU.Build.0 = Debug|x86
		{3EB2A7E8-DE91-4290-8080-B292B0A0F8B9}.Debug|Mixed Platforms.ActiveCfg = Debug|x86
		{3EB2A7E8-DE91-4290-8080-B292B0A0F8B9}.Debug|Mixed Platforms.Build.0 = Debug|x86
		{3EB2A7E8-DE91-4290-8080-B292B0A0F8B9}.Debug|x86.ActiveCfg = Debug|x86
		{3EB2A7E8-DE91-4290-8080-B292B0A0F8B9}.Debug|x86.Build.0 = Debug|x86
		{3EB2A7E8-DE91-4290-8080-B292B0A0F8B9}.Release|Any CPU.ActiveCfg = Release|x86
		{3EB2A7E8-DE91-4290-8080-B292B0A0F8B9}.Release|Mixed Platforms.ActiveCfg = Release|x86
		{3EB2A7E8-DE91-4290-8080-B292B0A0F8B9}.Release|Mixed Platforms.Build.0 = Release|x86
		{3EB2A7E8-DE91-4290-8080-B292B0A0F8B9}.Release|x86.ActiveCfg = Release|x86
		{3EB2A7E8-DE91-4290-8080-B292B0A0F8B9}.Release|x86.Build.0 = Release|x86
		{FD5753C6-1531-442F-8CE5-E317811ED41D}.Debug|Any CPU.ActiveCfg = Debug|Any CPU
		{FD5753C6-1531-442F-8CE5-E317811ED41D}.Debug|Any CPU.Build.0 = Debug|Any CPU
		{FD5753C6-1531-442F-8CE5-E317811ED41D}.Debug|Mixed Platforms.ActiveCfg = Debug|Any CPU
		{FD5753C6-1531-442F-8CE5-E317811ED41D}.Debug|Mixed Platforms.Build.0 = Debug|Any CPU
		{FD5753C6-1531-442F-8CE5-E317811ED41D}.Debug|x86.ActiveCfg = Debug|Any CPU
		{FD5753C6-1531-442F-8CE5-E317811ED41D}.Debug|x86.Build.0 = Debug|Any CPU
		{FD5753C6-1531-442F-8CE5-E317811ED41D}.Release|Any CPU.ActiveCfg = Release|Any CPU
		{FD5753C6-1531-442F-8CE5-E317811ED41D}.Release|Any CPU.Build.0 = Release|Any CPU
		{FD5753C6-1531-442F-8CE5-E317811ED41D}.Release|Mixed Platforms.ActiveCfg = Release|Any CPU
		{FD5753C6-1531-442F-8CE5-E317811ED41D}.Release|Mixed Platforms.Build.0 = Release|Any CPU
		{FD5753C6-1531-442F-8CE5-E317811ED41D}.Release|x86.ActiveCfg = Release|Any CPU
		{FD5753C6-1531-442F-8CE5-E317811ED41D}.Release|x86.Build.0 = Release|Any CPU
		{3887ACF7-CBBB-4D70-BB62-1A45D6679C2C}.Debug|Any CPU.ActiveCfg = Debug|Any CPU
		{3887ACF7-CBBB-4D70-BB62-1A45D6679C2C}.Debug|Any CPU.Build.0 = Debug|Any CPU
		{3887ACF7-CBBB-4D70-BB62-1A45D6679C2C}.Debug|Mixed Platforms.ActiveCfg = Debug|Any CPU
		{3887ACF7-CBBB-4D70-BB62-1A45D6679C2C}.Debug|Mixed Platforms.Build.0 = Debug|Any CPU
		{3887ACF7-CBBB-4D70-BB62-1A45D6679C2C}.Debug|x86.ActiveCfg = Debug|Any CPU
		{3887ACF7-CBBB-4D70-BB62-1A45D6679C2C}.Debug|x86.Build.0 = Debug|Any CPU
		{3887ACF7-CBBB-4D70-BB62-1A45D6679C2C}.Release|Any CPU.ActiveCfg = Release|Any CPU
		{3887ACF7-CBBB-4D70-BB62-1A45D6679C2C}.Release|Any CPU.Build.0 = Release|Any CPU
		{3887ACF7-CBBB-4D70-BB62-1A45D6679C2C}.Release|Mixed Platforms.ActiveCfg = Release|Any CPU
		{3887ACF7-CBBB-4D70-BB62-1A45D6679C2C}.Release|Mixed Platforms.Build.0 = Release|Any CPU
		{3887ACF7-CBBB-4D70-BB62-1A45D6679C2C}.Release|x86.ActiveCfg = Release|Any CPU
		{3887ACF7-CBBB-4D70-BB62-1A45D6679C2C}.Release|x86.Build.0 = Release|Any CPU
		{865BF19B-00B8-45E8-B4E7-0CC5F58F8A98}.Debug|Any CPU.ActiveCfg = Debug|Any CPU
		{865BF19B-00B8-45E8-B4E7-0CC5F58F8A98}.Debug|Any CPU.Build.0 = Debug|Any CPU
		{865BF19B-00B8-45E8-B4E7-0CC5F58F8A98}.Debug|Mixed Platforms.ActiveCfg = Debug|Any CPU
		{865BF19B-00B8-45E8-B4E7-0CC5F58F8A98}.Debug|Mixed Platforms.Build.0 = Debug|Any CPU
		{865BF19B-00B8-45E8-B4E7-0CC5F58F8A98}.Debug|x86.ActiveCfg = Debug|Any CPU
		{865BF19B-00B8-45E8-B4E7-0CC5F58F8A98}.Debug|x86.Build.0 = Debug|Any CPU
		{865BF19B-00B8-45E8-B4E7-0CC5F58F8A98}.Release|Any CPU.ActiveCfg = Release|Any CPU
		{865BF19B-00B8-45E8-B4E7-0CC5F58F8A98}.Release|Any CPU.Build.0 = Release|Any CPU
		{865BF19B-00B8-45E8-B4E7-0CC5F58F8A98}.Release|Mixed Platforms.ActiveCfg = Release|Any CPU
		{865BF19B-00B8-45E8-B4E7-0CC5F58F8A98}.Release|Mixed Platforms.Build.0 = Release|Any CPU
		{865BF19B-00B8-45E8-B4E7-0CC5F58F8A98}.Release|x86.ActiveCfg = Release|Any CPU
		{865BF19B-00B8-45E8-B4E7-0CC5F58F8A98}.Release|x86.Build.0 = Release|Any CPU
		{4C2DAD9F-DCAB-4B8F-A803-F5E43F8849E7}.Debug|Any CPU.ActiveCfg = Debug|Any CPU
		{4C2DAD9F-DCAB-4B8F-A803-F5E43F8849E7}.Debug|Any CPU.Build.0 = Debug|Any CPU
		{4C2DAD9F-DCAB-4B8F-A803-F5E43F8849E7}.Debug|Mixed Platforms.ActiveCfg = Debug|Any CPU
		{4C2DAD9F-DCAB-4B8F-A803-F5E43F8849E7}.Debug|Mixed Platforms.Build.0 = Debug|Any CPU
		{4C2DAD9F-DCAB-4B8F-A803-F5E43F8849E7}.Debug|x86.ActiveCfg = Debug|Any CPU
		{4C2DAD9F-DCAB-4B8F-A803-F5E43F8849E7}.Debug|x86.Build.0 = Debug|Any CPU
		{4C2DAD9F-DCAB-4B8F-A803-F5E43F8849E7}.Release|Any CPU.ActiveCfg = Release|Any CPU
		{4C2DAD9F-DCAB-4B8F-A803-F5E43F8849E7}.Release|Any CPU.Build.0 = Release|Any CPU
		{4C2DAD9F-DCAB-4B8F-A803-F5E43F8849E7}.Release|Mixed Platforms.ActiveCfg = Release|Any CPU
		{4C2DAD9F-DCAB-4B8F-A803-F5E43F8849E7}.Release|Mixed Platforms.Build.0 = Release|Any CPU
		{4C2DAD9F-DCAB-4B8F-A803-F5E43F8849E7}.Release|x86.ActiveCfg = Release|Any CPU
		{4C2DAD9F-DCAB-4B8F-A803-F5E43F8849E7}.Release|x86.Build.0 = Release|Any CPU
		{857469DE-5D2A-45B7-8875-38C5912D16C8}.Debug|Any CPU.ActiveCfg = Debug|Any CPU
		{857469DE-5D2A-45B7-8875-38C5912D16C8}.Debug|Any CPU.Build.0 = Debug|Any CPU
		{857469DE-5D2A-45B7-8875-38C5912D16C8}.Debug|Mixed Platforms.ActiveCfg = Debug|Any CPU
		{857469DE-5D2A-45B7-8875-38C5912D16C8}.Debug|Mixed Platforms.Build.0 = Debug|Any CPU
		{857469DE-5D2A-45B7-8875-38C5912D16C8}.Debug|x86.ActiveCfg = Debug|Any CPU
		{857469DE-5D2A-45B7-8875-38C5912D16C8}.Debug|x86.Build.0 = Debug|Any CPU
		{857469DE-5D2A-45B7-8875-38C5912D16C8}.Release|Any CPU.ActiveCfg = Release|Any CPU
		{857469DE-5D2A-45B7-8875-38C5912D16C8}.Release|Any CPU.Build.0 = Release|Any CPU
		{857469DE-5D2A-45B7-8875-38C5912D16C8}.Release|Mixed Platforms.ActiveCfg = Release|Any CPU
		{857469DE-5D2A-45B7-8875-38C5912D16C8}.Release|Mixed Platforms.Build.0 = Release|Any CPU
		{857469DE-5D2A-45B7-8875-38C5912D16C8}.Release|x86.ActiveCfg = Release|Any CPU
		{857469DE-5D2A-45B7-8875-38C5912D16C8}.Release|x86.Build.0 = Release|Any CPU
		{6FEFAFF7-664F-4B53-B787-22B3BD31AD97}.Debug|Any CPU.ActiveCfg = Debug|Any CPU
		{6FEFAFF7-664F-4B53-B787-22B3BD31AD97}.Debug|Any CPU.Build.0 = Debug|Any CPU
		{6FEFAFF7-664F-4B53-B787-22B3BD31AD97}.Debug|Mixed Platforms.ActiveCfg = Debug|Any CPU
		{6FEFAFF7-664F-4B53-B787-22B3BD31AD97}.Debug|Mixed Platforms.Build.0 = Debug|Any CPU
		{6FEFAFF7-664F-4B53-B787-22B3BD31AD97}.Debug|x86.ActiveCfg = Debug|Any CPU
		{6FEFAFF7-664F-4B53-B787-22B3BD31AD97}.Debug|x86.Build.0 = Debug|Any CPU
		{6FEFAFF7-664F-4B53-B787-22B3BD31AD97}.Release|Any CPU.ActiveCfg = Release|Any CPU
		{6FEFAFF7-664F-4B53-B787-22B3BD31AD97}.Release|Any CPU.Build.0 = Release|Any CPU
		{6FEFAFF7-664F-4B53-B787-22B3BD31AD97}.Release|Mixed Platforms.ActiveCfg = Release|Any CPU
		{6FEFAFF7-664F-4B53-B787-22B3BD31AD97}.Release|Mixed Platforms.Build.0 = Release|Any CPU
		{6FEFAFF7-664F-4B53-B787-22B3BD31AD97}.Release|x86.ActiveCfg = Release|Any CPU
		{6FEFAFF7-664F-4B53-B787-22B3BD31AD97}.Release|x86.Build.0 = Release|Any CPU
		{8986825C-4826-48F2-B72E-234732A1344D}.Debug|Any CPU.ActiveCfg = Debug|Any CPU
		{8986825C-4826-48F2-B72E-234732A1344D}.Debug|Any CPU.Build.0 = Debug|Any CPU
		{8986825C-4826-48F2-B72E-234732A1344D}.Debug|Mixed Platforms.ActiveCfg = Debug|Any CPU
		{8986825C-4826-48F2-B72E-234732A1344D}.Debug|Mixed Platforms.Build.0 = Debug|Any CPU
		{8986825C-4826-48F2-B72E-234732A1344D}.Debug|x86.ActiveCfg = Debug|Any CPU
		{8986825C-4826-48F2-B72E-234732A1344D}.Debug|x86.Build.0 = Debug|Any CPU
		{8986825C-4826-48F2-B72E-234732A1344D}.Release|Any CPU.ActiveCfg = Release|Any CPU
		{8986825C-4826-48F2-B72E-234732A1344D}.Release|Any CPU.Build.0 = Release|Any CPU
		{8986825C-4826-48F2-B72E-234732A1344D}.Release|Mixed Platforms.ActiveCfg = Release|Any CPU
		{8986825C-4826-48F2-B72E-234732A1344D}.Release|Mixed Platforms.Build.0 = Release|Any CPU
		{8986825C-4826-48F2-B72E-234732A1344D}.Release|x86.ActiveCfg = Release|Any CPU
		{8986825C-4826-48F2-B72E-234732A1344D}.Release|x86.Build.0 = Release|Any CPU
		{EC0C8C0C-119B-4AA4-845A-9C4E3C5D667C}.Debug|Any CPU.ActiveCfg = Debug|Any CPU
		{EC0C8C0C-119B-4AA4-845A-9C4E3C5D667C}.Debug|Any CPU.Build.0 = Debug|Any CPU
		{EC0C8C0C-119B-4AA4-845A-9C4E3C5D667C}.Debug|Mixed Platforms.ActiveCfg = Debug|Any CPU
		{EC0C8C0C-119B-4AA4-845A-9C4E3C5D667C}.Debug|Mixed Platforms.Build.0 = Debug|Any CPU
		{EC0C8C0C-119B-4AA4-845A-9C4E3C5D667C}.Debug|x86.ActiveCfg = Debug|Any CPU
		{EC0C8C0C-119B-4AA4-845A-9C4E3C5D667C}.Debug|x86.Build.0 = Debug|Any CPU
		{EC0C8C0C-119B-4AA4-845A-9C4E3C5D667C}.Release|Any CPU.ActiveCfg = Release|Any CPU
		{EC0C8C0C-119B-4AA4-845A-9C4E3C5D667C}.Release|Any CPU.Build.0 = Release|Any CPU
		{EC0C8C0C-119B-4AA4-845A-9C4E3C5D667C}.Release|Mixed Platforms.ActiveCfg = Release|Any CPU
		{EC0C8C0C-119B-4AA4-845A-9C4E3C5D667C}.Release|Mixed Platforms.Build.0 = Release|Any CPU
		{EC0C8C0C-119B-4AA4-845A-9C4E3C5D667C}.Release|x86.ActiveCfg = Release|Any CPU
		{EC0C8C0C-119B-4AA4-845A-9C4E3C5D667C}.Release|x86.Build.0 = Release|Any CPU
		{407BB92A-9F1F-48EA-BDBD-3FE3730CE2A0}.Debug|Any CPU.ActiveCfg = Debug|Any CPU
		{407BB92A-9F1F-48EA-BDBD-3FE3730CE2A0}.Debug|Any CPU.Build.0 = Debug|Any CPU
		{407BB92A-9F1F-48EA-BDBD-3FE3730CE2A0}.Debug|Mixed Platforms.ActiveCfg = Debug|Any CPU
		{407BB92A-9F1F-48EA-BDBD-3FE3730CE2A0}.Debug|Mixed Platforms.Build.0 = Debug|Any CPU
		{407BB92A-9F1F-48EA-BDBD-3FE3730CE2A0}.Debug|x86.ActiveCfg = Debug|Any CPU
		{407BB92A-9F1F-48EA-BDBD-3FE3730CE2A0}.Debug|x86.Build.0 = Debug|Any CPU
		{407BB92A-9F1F-48EA-BDBD-3FE3730CE2A0}.Release|Any CPU.ActiveCfg = Release|Any CPU
		{407BB92A-9F1F-48EA-BDBD-3FE3730CE2A0}.Release|Any CPU.Build.0 = Release|Any CPU
		{407BB92A-9F1F-48EA-BDBD-3FE3730CE2A0}.Release|Mixed Platforms.ActiveCfg = Release|Any CPU
		{407BB92A-9F1F-48EA-BDBD-3FE3730CE2A0}.Release|Mixed Platforms.Build.0 = Release|Any CPU
		{407BB92A-9F1F-48EA-BDBD-3FE3730CE2A0}.Release|x86.ActiveCfg = Release|Any CPU
		{407BB92A-9F1F-48EA-BDBD-3FE3730CE2A0}.Release|x86.Build.0 = Release|Any CPU
	EndGlobalSection
	GlobalSection(SolutionProperties) = preSolution
		HideSolutionNode = FALSE
	EndGlobalSection
	GlobalSection(ExtensibilityGlobals) = postSolution
		SolutionGuid = {FBBD06D8-D424-4CAA-AA07-84657ABB8621}
	EndGlobalSection
EndGlobal
